
Microsoft Visual Studio Solution File, Format Version 12.00
# Visual Studio 15
VisualStudioVersion = 15.0.27703.2000
MinimumVisualStudioVersion = 10.0.40219.1
Project("{FAE04EC0-301F-11D3-BF4B-00C04F79EFBC}") = "ConsoleApp1", "ConsoleApp1\ConsoleApp1.csproj", "{F10AFEF8-2265-4485-BAA3-E97E2E93D38D}"
EndProject
Global
	GlobalSection(SolutionConfigurationPlatforms) = preSolution
		Debug|Any CPU = Debug|Any CPU
		Release|Any CPU = Release|Any CPU
	EndGlobalSection
	GlobalSection(ProjectConfigurationPlatforms) = postSolution
		{F10AFEF8-2265-4485-BAA3-E97E2E93D38D}.Debug|Any CPU.ActiveCfg = Debug|Any CPU
		{F10AFEF8-2265-4485-BAA3-E97E2E93D38D}.Debug|Any CPU.Build.0 = Debug|Any CPU
		{F10AFEF8-2265-4485-BAA3-E97E2E93D38D}.Release|Any CPU.ActiveCfg = Release|Any CPU
		{F10AFEF8-2265-4485-BAA3-E97E2E93D38D}.Release|Any CPU.Build.0 = Release|Any CPU
	EndGlobalSection
	GlobalSection(SolutionProperties) = preSolution
		HideSolutionNode = FALSE
	EndGlobalSection
	GlobalSection(ExtensibilityGlobals) = postSolution
		SolutionGuid = {2CB7F4E1-98A9-4565-AEE2-2C3593977CA3}
	EndGlobalSection
EndGlobal
